
Microsoft Visual Studio Solution File, Format Version 12.00
# Visual Studio Version 17
VisualStudioVersion = 17.10.35027.167
MinimumVisualStudioVersion = 10.0.40219.1
Project("{FAE04EC0-301F-11D3-BF4B-00C04F79EFBC}") = "LocalLogDecoder", "LocalLogDecoder\LocalLogDecoder.csproj", "{2D20E52F-BB73-44EE-98C2-0AF0AD00B8DB}"
EndProject
Global
	GlobalSection(SolutionConfigurationPlatforms) = preSolution
		Debug|Any CPU = Debug|Any CPU
		Release|Any CPU = Release|Any CPU
	EndGlobalSection
	GlobalSection(ProjectConfigurationPlatforms) = postSolution
		{2D20E52F-BB73-44EE-98C2-0AF0AD00B8DB}.Debug|Any CPU.ActiveCfg = Debug|Any CPU
		{2D20E52F-BB73-44EE-98C2-0AF0AD00B8DB}.Debug|Any CPU.Build.0 = Debug|Any CPU
		{2D20E52F-BB73-44EE-98C2-0AF0AD00B8DB}.Release|Any CPU.ActiveCfg = Release|Any CPU
		{2D20E52F-BB73-44EE-98C2-0AF0AD00B8DB}.Release|Any CPU.Build.0 = Release|Any CPU
	EndGlobalSection
	GlobalSection(SolutionProperties) = preSolution
		HideSolutionNode = FALSE
	EndGlobalSection
	GlobalSection(ExtensibilityGlobals) = postSolution
		SolutionGuid = {853ECEB8-94D5-49FC-ADB0-CCDD90775DF5}
	EndGlobalSection
EndGlobal
